// !$*UTF8*$!
{
	archiveVersion = 1;
	classes = {
	};
	objectVersion = 77;
	objects = {

/* Begin PBXBuildFile section */
		E5B346692CF4C28400E1801F /* FirebaseAuth in Frameworks */ = {isa = PBXBuildFile; productRef = E5B346682CF4C28400E1801F /* FirebaseAuth */; };
		E5B3466B2CF4C28400E1801F /* FirebaseFirestore in Frameworks */ = {isa = PBXBuildFile; productRef = E5B3466A2CF4C28400E1801F /* FirebaseFirestore */; };
/* End PBXBuildFile section */

/* Begin PBXContainerItemProxy section */
		E501CF302CEF7EF700A82D76 /* PBXContainerItemProxy */ = {
			isa = PBXContainerItemProxy;
			containerPortal = E501CF172CEF7EF400A82D76 /* Project object */;
			proxyType = 1;
			remoteGlobalIDString = E501CF1E2CEF7EF400A82D76;
			remoteInfo = FocusTimerApp;
		};
		E501CF3A2CEF7EF700A82D76 /* PBXContainerItemProxy */ = {
			isa = PBXContainerItemProxy;
			containerPortal = E501CF172CEF7EF400A82D76 /* Project object */;
			proxyType = 1;
			remoteGlobalIDString = E501CF1E2CEF7EF400A82D76;
			remoteInfo = FocusTimerApp;
		};
/* End PBXContainerItemProxy section */

/* Begin PBXFileReference section */
		E501CF1F2CEF7EF400A82D76 /* FocusTimerApp.app */ = {isa = PBXFileReference; explicitFileType = wrapper.application; includeInIndex = 0; path = FocusTimerApp.app; sourceTree = BUILT_PRODUCTS_DIR; };
		E501CF2F2CEF7EF700A82D76 /* FocusTimerAppTests.xctest */ = {isa = PBXFileReference; explicitFileType = wrapper.cfbundle; includeInIndex = 0; path = FocusTimerAppTests.xctest; sourceTree = BUILT_PRODUCTS_DIR; };
		E501CF392CEF7EF700A82D76 /* FocusTimerAppUITests.xctest */ = {isa = PBXFileReference; explicitFileType = wrapper.cfbundle; includeInIndex = 0; path = FocusTimerAppUITests.xctest; sourceTree = BUILT_PRODUCTS_DIR; };
/* End PBXFileReference section */

/* Begin PBXFileSystemSynchronizedRootGroup section */
		E501CF212CEF7EF400A82D76 /* FocusTimerApp */ = {
			isa = PBXFileSystemSynchronizedRootGroup;
			path = FocusTimerApp;
			sourceTree = "<group>";
		};
		E501CF322CEF7EF700A82D76 /* FocusTimerAppTests */ = {
			isa = PBXFileSystemSynchronizedRootGroup;
			path = FocusTimerAppTests;
			sourceTree = "<group>";
		};
		E501CF3C2CEF7EF700A82D76 /* FocusTimerAppUITests */ = {
			isa = PBXFileSystemSynchronizedRootGroup;
			path = FocusTimerAppUITests;
			sourceTree = "<group>";
		};
/* End PBXFileSystemSynchronizedRootGroup section */

/* Begin PBXFrameworksBuildPhase section */
		E501CF1C2CEF7EF400A82D76 /* Frameworks */ = {
			isa = PBXFrameworksBuildPhase;
			buildActionMask = 2147483647;
			files = (
				E5B346692CF4C28400E1801F /* FirebaseAuth in Frameworks */,
				E5B3466B2CF4C28400E1801F /* FirebaseFirestore in Frameworks */,
			);
			runOnlyForDeploymentPostprocessing = 0;
		};
		E501CF2C2CEF7EF700A82D76 /* Frameworks */ = {
			isa = PBXFrameworksBuildPhase;
			buildActionMask = 2147483647;
			files = (
			);
			runOnlyForDeploymentPostprocessing = 0;
		};
		E501CF362CEF7EF700A82D76 /* Frameworks */ = {
			isa = PBXFrameworksBuildPhase;
			buildActionMask = 2147483647;
			files = (
			);
			runOnlyForDeploymentPostprocessing = 0;
		};
/* End PBXFrameworksBuildPhase section */

/* Begin PBXGroup section */
		E501CF162CEF7EF400A82D76 = {
			isa = PBXGroup;
			children = (
				E501CF212CEF7EF400A82D76 /* FocusTimerApp */,
				E501CF322CEF7EF700A82D76 /* FocusTimerAppTests */,
				E501CF3C2CEF7EF700A82D76 /* FocusTimerAppUITests */,
				E501CF202CEF7EF400A82D76 /* Products */,
			);
			sourceTree = "<group>";
		};
		E501CF202CEF7EF400A82D76 /* Products */ = {
			isa = PBXGroup;
			children = (
				E501CF1F2CEF7EF400A82D76 /* FocusTimerApp.app */,
				E501CF2F2CEF7EF700A82D76 /* FocusTimerAppTests.xctest */,
				E501CF392CEF7EF700A82D76 /* FocusTimerAppUITests.xctest */,
			);
			name = Products;
			sourceTree = "<group>";
		};
/* End PBXGroup section */

/* Begin PBXNativeTarget section */
		E501CF1E2CEF7EF400A82D76 /* FocusTimerApp */ = {
			isa = PBXNativeTarget;
			buildConfigurationList = E501CF432CEF7EF800A82D76 /* Build configuration list for PBXNativeTarget "FocusTimerApp" */;
			buildPhases = (
				E501CF1B2CEF7EF400A82D76 /* Sources */,
				E501CF1C2CEF7EF400A82D76 /* Frameworks */,
				E501CF1D2CEF7EF400A82D76 /* Resources */,
			);
			buildRules = (
			);
			dependencies = (
			);
			fileSystemSynchronizedGroups = (
				E501CF212CEF7EF400A82D76 /* FocusTimerApp */,
			);
			name = FocusTimerApp;
			packageProductDependencies = (
				E5B346682CF4C28400E1801F /* FirebaseAuth */,
				E5B3466A2CF4C28400E1801F /* FirebaseFirestore */,
			);
			productName = FocusTimerApp;
			productReference = E501CF1F2CEF7EF400A82D76 /* FocusTimerApp.app */;
			productType = "com.apple.product-type.application";
		};
		E501CF2E2CEF7EF700A82D76 /* FocusTimerAppTests */ = {
			isa = PBXNativeTarget;
			buildConfigurationList = E501CF462CEF7EF800A82D76 /* Build configuration list for PBXNativeTarget "FocusTimerAppTests" */;
			buildPhases = (
				E501CF2B2CEF7EF700A82D76 /* Sources */,
				E501CF2C2CEF7EF700A82D76 /* Frameworks */,
				E501CF2D2CEF7EF700A82D76 /* Resources */,
			);
			buildRules = (
			);
			dependencies = (
				E501CF312CEF7EF700A82D76 /* PBXTargetDependency */,
			);
			fileSystemSynchronizedGroups = (
				E501CF322CEF7EF700A82D76 /* FocusTimerAppTests */,
			);
			name = FocusTimerAppTests;
			packageProductDependencies = (
			);
			productName = FocusTimerAppTests;
			productReference = E501CF2F2CEF7EF700A82D76 /* FocusTimerAppTests.xctest */;
			productType = "com.apple.product-type.bundle.unit-test";
		};
		E501CF382CEF7EF700A82D76 /* FocusTimerAppUITests */ = {
			isa = PBXNativeTarget;
			buildConfigurationList = E501CF492CEF7EF800A82D76 /* Build configuration list for PBXNativeTarget "FocusTimerAppUITests" */;
			buildPhases = (
				E501CF352CEF7EF700A82D76 /* Sources */,
				E501CF362CEF7EF700A82D76 /* Frameworks */,
				E501CF372CEF7EF700A82D76 /* Resources */,
			);
			buildRules = (
			);
			dependencies = (
				E501CF3B2CEF7EF700A82D76 /* PBXTargetDependency */,
			);
			fileSystemSynchronizedGroups = (
				E501CF3C2CEF7EF700A82D76 /* FocusTimerAppUITests */,
			);
			name = FocusTimerAppUITests;
			packageProductDependencies = (
			);
			productName = FocusTimerAppUITests;
			productReference = E501CF392CEF7EF700A82D76 /* FocusTimerAppUITests.xctest */;
			productType = "com.apple.product-type.bundle.ui-testing";
		};
/* End PBXNativeTarget section */

/* Begin PBXProject section */
		E501CF172CEF7EF400A82D76 /* Project object */ = {
			isa = PBXProject;
			attributes = {
				BuildIndependentTargetsInParallel = 1;
				LastSwiftUpdateCheck = 1610;
				LastUpgradeCheck = 1610;
				TargetAttributes = {
					E501CF1E2CEF7EF400A82D76 = {
						CreatedOnToolsVersion = 16.1;
					};
					E501CF2E2CEF7EF700A82D76 = {
						CreatedOnToolsVersion = 16.1;
						TestTargetID = E501CF1E2CEF7EF400A82D76;
					};
					E501CF382CEF7EF700A82D76 = {
						CreatedOnToolsVersion = 16.1;
						TestTargetID = E501CF1E2CEF7EF400A82D76;
					};
				};
			};
			buildConfigurationList = E501CF1A2CEF7EF400A82D76 /* Build configuration list for PBXProject "FocusTimerApp" */;
			developmentRegion = en;
			hasScannedForEncodings = 0;
			knownRegions = (
				en,
				Base,
			);
			mainGroup = E501CF162CEF7EF400A82D76;
			minimizedProjectReferenceProxies = 1;
			packageReferences = (
				E5B346672CF4C28400E1801F /* XCRemoteSwiftPackageReference "firebase-ios-sdk" */,
			);
			preferredProjectObjectVersion = 77;
			productRefGroup = E501CF202CEF7EF400A82D76 /* Products */;
			projectDirPath = "";
			projectRoot = "";
			targets = (
				E501CF1E2CEF7EF400A82D76 /* FocusTimerApp */,
				E501CF2E2CEF7EF700A82D76 /* FocusTimerAppTests */,
				E501CF382CEF7EF700A82D76 /* FocusTimerAppUITests */,
			);
		};
/* End PBXProject section */

/* Begin PBXResourcesBuildPhase section */
		E501CF1D2CEF7EF400A82D76 /* Resources */ = {
			isa = PBXResourcesBuildPhase;
			buildActionMask = 2147483647;
			files = (
			);
			runOnlyForDeploymentPostprocessing = 0;
		};
		E501CF2D2CEF7EF700A82D76 /* Resources */ = {
			isa = PBXResourcesBuildPhase;
			buildActionMask = 2147483647;
			files = (
			);
			runOnlyForDeploymentPostprocessing = 0;
		};
		E501CF372CEF7EF700A82D76 /* Resources */ = {
			isa = PBXResourcesBuildPhase;
			buildActionMask = 2147483647;
			files = (
			);
			runOnlyForDeploymentPostprocessing = 0;
		};
/* End PBXResourcesBuildPhase section */

/* Begin PBXSourcesBuildPhase section */
		E501CF1B2CEF7EF400A82D76 /* Sources */ = {
			isa = PBXSourcesBuildPhase;
			buildActionMask = 2147483647;
			files = (
			);
			runOnlyForDeploymentPostprocessing = 0;
		};
		E501CF2B2CEF7EF700A82D76 /* Sources */ = {
			isa = PBXSourcesBuildPhase;
			buildActionMask = 2147483647;
			files = (
			);
			runOnlyForDeploymentPostprocessing = 0;
		};
		E501CF352CEF7EF700A82D76 /* Sources */ = {
			isa = PBXSourcesBuildPhase;
			buildActionMask = 2147483647;
			files = (
			);
			runOnlyForDeploymentPostprocessing = 0;
		};
/* End PBXSourcesBuildPhase section */

/* Begin PBXTargetDependency section */
		E501CF312CEF7EF700A82D76 /* PBXTargetDependency */ = {
			isa = PBXTargetDependency;
			target = E501CF1E2CEF7EF400A82D76 /* FocusTimerApp */;
			targetProxy = E501CF302CEF7EF700A82D76 /* PBXContainerItemProxy */;
		};
		E501CF3B2CEF7EF700A82D76 /* PBXTargetDependency */ = {
			isa = PBXTargetDependency;
			target = E501CF1E2CEF7EF400A82D76 /* FocusTimerApp */;
			targetProxy = E501CF3A2CEF7EF700A82D76 /* PBXContainerItemProxy */;
		};
/* End PBXTargetDependency section */

/* Begin XCBuildConfiguration section */
		E501CF412CEF7EF700A82D76 /* Debug */ = {
			isa = XCBuildConfiguration;
			buildSettings = {
				ALWAYS_SEARCH_USER_PATHS = NO;
				ASSETCATALOG_COMPILER_GENERATE_SWIFT_ASSET_SYMBOL_EXTENSIONS = YES;
				CLANG_ANALYZER_NONNULL = YES;
				CLANG_ANALYZER_NUMBER_OBJECT_CONVERSION = YES_AGGRESSIVE;
				CLANG_CXX_LANGUAGE_STANDARD = "gnu++20";
				CLANG_ENABLE_MODULES = YES;
				CLANG_ENABLE_OBJC_ARC = YES;
				CLANG_ENABLE_OBJC_WEAK = YES;
				CLANG_WARN_BLOCK_CAPTURE_AUTORELEASING = YES;
				CLANG_WARN_BOOL_CONVERSION = YES;
				CLANG_WARN_COMMA = YES;
				CLANG_WARN_CONSTANT_CONVERSION = YES;
				CLANG_WARN_DEPRECATED_OBJC_IMPLEMENTATIONS = YES;
				CLANG_WARN_DIRECT_OBJC_ISA_USAGE = YES_ERROR;
				CLANG_WARN_DOCUMENTATION_COMMENTS = YES;
				CLANG_WARN_EMPTY_BODY = YES;
				CLANG_WARN_ENUM_CONVERSION = YES;
				CLANG_WARN_INFINITE_RECURSION = YES;
				CLANG_WARN_INT_CONVERSION = YES;
				CLANG_WARN_NON_LITERAL_NULL_CONVERSION = YES;
				CLANG_WARN_OBJC_IMPLICIT_RETAIN_SELF = YES;
				CLANG_WARN_OBJC_LITERAL_CONVERSION = YES;
				CLANG_WARN_OBJC_ROOT_CLASS = YES_ERROR;
				CLANG_WARN_QUOTED_INCLUDE_IN_FRAMEWORK_HEADER = YES;
				CLANG_WARN_RANGE_LOOP_ANALYSIS = YES;
				CLANG_WARN_STRICT_PROTOTYPES = YES;
				CLANG_WARN_SUSPICIOUS_MOVE = YES;
				CLANG_WARN_UNGUARDED_AVAILABILITY = YES_AGGRESSIVE;
				CLANG_WARN_UNREACHABLE_CODE = YES;
				CLANG_WARN__DUPLICATE_METHOD_MATCH = YES;
				COPY_PHASE_STRIP = NO;
				DEBUG_INFORMATION_FORMAT = dwarf;
				ENABLE_STRICT_OBJC_MSGSEND = YES;
				ENABLE_TESTABILITY = YES;
				ENABLE_USER_SCRIPT_SANDBOXING = YES;
				GCC_C_LANGUAGE_STANDARD = gnu17;
				GCC_DYNAMIC_NO_PIC = NO;
				GCC_NO_COMMON_BLOCKS = YES;
				GCC_OPTIMIZATION_LEVEL = 0;
				GCC_PREPROCESSOR_DEFINITIONS = (
					"DEBUG=1",
					"$(inherited)",
				);
				GCC_WARN_64_TO_32_BIT_CONVERSION = YES;
				GCC_WARN_ABOUT_RETURN_TYPE = YES_ERROR;
				GCC_WARN_UNDECLARED_SELECTOR = YES;
				GCC_WARN_UNINITIALIZED_AUTOS = YES_AGGRESSIVE;
				GCC_WARN_UNUSED_FUNCTION = YES;
				GCC_WARN_UNUSED_VARIABLE = YES;
				IPHONEOS_DEPLOYMENT_TARGET = 18.1;
				LOCALIZATION_PREFERS_STRING_CATALOGS = YES;
				MTL_ENABLE_DEBUG_INFO = INCLUDE_SOURCE;
				MTL_FAST_MATH = YES;
				ONLY_ACTIVE_ARCH = YES;
				SDKROOT = iphoneos;
				SWIFT_ACTIVE_COMPILATION_CONDITIONS = "DEBUG $(inherited)";
				SWIFT_OPTIMIZATION_LEVEL = "-Onone";
			};
			name = Debug;
		};
		E501CF422CEF7EF700A82D76 /* Release */ = {
			isa = XCBuildConfiguration;
			buildSettings = {
				ALWAYS_SEARCH_USER_PATHS = NO;
				ASSETCATALOG_COMPILER_GENERATE_SWIFT_ASSET_SYMBOL_EXTENSIONS = YES;
				CLANG_ANALYZER_NONNULL = YES;
				CLANG_ANALYZER_NUMBER_OBJECT_CONVERSION = YES_AGGRESSIVE;
				CLANG_CXX_LANGUAGE_STANDARD = "gnu++20";
				CLANG_ENABLE_MODULES = YES;
				CLANG_ENABLE_OBJC_ARC = YES;
				CLANG_ENABLE_OBJC_WEAK = YES;
				CLANG_WARN_BLOCK_CAPTURE_AUTORELEASING = YES;
				CLANG_WARN_BOOL_CONVERSION = YES;
				CLANG_WARN_COMMA = YES;
				CLANG_WARN_CONSTANT_CONVERSION = YES;
				CLANG_WARN_DEPRECATED_OBJC_IMPLEMENTATIONS = YES;
				CLANG_WARN_DIRECT_OBJC_ISA_USAGE = YES_ERROR;
				CLANG_WARN_DOCUMENTATION_COMMENTS = YES;
				CLANG_WARN_EMPTY_BODY = YES;
				CLANG_WARN_ENUM_CONVERSION = YES;
				CLANG_WARN_INFINITE_RECURSION = YES;
				CLANG_WARN_INT_CONVERSION = YES;
				CLANG_WARN_NON_LITERAL_NULL_CONVERSION = YES;
				CLANG_WARN_OBJC_IMPLICIT_RETAIN_SELF = YES;
				CLANG_WARN_OBJC_LITERAL_CONVERSION = YES;
				CLANG_WARN_OBJC_ROOT_CLASS = YES_ERROR;
				CLANG_WARN_QUOTED_INCLUDE_IN_FRAMEWORK_HEADER = YES;
				CLANG_WARN_RANGE_LOOP_ANALYSIS = YES;
				CLANG_WARN_STRICT_PROTOTYPES = YES;
				CLANG_WARN_SUSPICIOUS_MOVE = YES;
				CLANG_WARN_UNGUARDED_AVAILABILITY = YES_AGGRESSIVE;
				CLANG_WARN_UNREACHABLE_CODE = YES;
				CLANG_WARN__DUPLICATE_METHOD_MATCH = YES;
				COPY_PHASE_STRIP = NO;
				DEBUG_INFORMATION_FORMAT = "dwarf-with-dsym";
				ENABLE_NS_ASSERTIONS = NO;
				ENABLE_STRICT_OBJC_MSGSEND = YES;
				ENABLE_USER_SCRIPT_SANDBOXING = YES;
				GCC_C_LANGUAGE_STANDARD = gnu17;
				GCC_NO_COMMON_BLOCKS = YES;
				GCC_WARN_64_TO_32_BIT_CONVERSION = YES;
				GCC_WARN_ABOUT_RETURN_TYPE = YES_ERROR;
				GCC_WARN_UNDECLARED_SELECTOR = YES;
				GCC_WARN_UNINITIALIZED_AUTOS = YES_AGGRESSIVE;
				GCC_WARN_UNUSED_FUNCTION = YES;
				GCC_WARN_UNUSED_VARIABLE = YES;
				IPHONEOS_DEPLOYMENT_TARGET = 18.1;
				LOCALIZATION_PREFERS_STRING_CATALOGS = YES;
				MTL_ENABLE_DEBUG_INFO = NO;
				MTL_FAST_MATH = YES;
				SDKROOT = iphoneos;
				SWIFT_COMPILATION_MODE = wholemodule;
				VALIDATE_PRODUCT = YES;
			};
			name = Release;
		};
		E501CF442CEF7EF800A82D76 /* Debug */ = {
			isa = XCBuildConfiguration;
			buildSettings = {
				ASSETCATALOG_COMPILER_APPICON_NAME = AppIcon;
				ASSETCATALOG_COMPILER_GLOBAL_ACCENT_COLOR_NAME = AccentColor;
				CODE_SIGN_STYLE = Automatic;
				CURRENT_PROJECT_VERSION = 1;
				DEVELOPMENT_ASSET_PATHS = "\"FocusTimerApp/Preview Content\"";
				ENABLE_PREVIEWS = YES;
				GENERATE_INFOPLIST_FILE = YES;
				INFOPLIST_KEY_UIApplicationSceneManifest_Generation = YES;
				INFOPLIST_KEY_UIApplicationSupportsIndirectInputEvents = YES;
				INFOPLIST_KEY_UILaunchScreen_Generation = YES;
				INFOPLIST_KEY_UISupportedInterfaceOrientations_iPad = "UIInterfaceOrientationPortrait UIInterfaceOrientationPortraitUpsideDown UIInterfaceOrientationLandscapeLeft UIInterfaceOrientationLandscapeRight";
				INFOPLIST_KEY_UISupportedInterfaceOrientations_iPhone = "UIInterfaceOrientationPortrait UIInterfaceOrientationLandscapeLeft UIInterfaceOrientationLandscapeRight";
				LD_RUNPATH_SEARCH_PATHS = (
					"$(inherited)",
					"@executable_path/Frameworks",
				);
				MARKETING_VERSION = 1.0;
				PRODUCT_BUNDLE_IDENTIFIER = com.puolitaival.gabriel.FocusTimerApp;
				PRODUCT_NAME = "$(TARGET_NAME)";
				SWIFT_EMIT_LOC_STRINGS = YES;
				SWIFT_VERSION = 5.0;
				TARGETED_DEVICE_FAMILY = "1,2";
			};
			name = Debug;
		};
		E501CF452CEF7EF800A82D76 /* Release */ = {
			isa = XCBuildConfiguration;
			buildSettings = {
				ASSETCATALOG_COMPILER_APPICON_NAME = AppIcon;
				ASSETCATALOG_COMPILER_GLOBAL_ACCENT_COLOR_NAME = AccentColor;
				CODE_SIGN_STYLE = Automatic;
				CURRENT_PROJECT_VERSION = 1;
				DEVELOPMENT_ASSET_PATHS = "\"FocusTimerApp/Preview Content\"";
				ENABLE_PREVIEWS = YES;
				GENERATE_INFOPLIST_FILE = YES;
				INFOPLIST_KEY_UIApplicationSceneManifest_Generation = YES;
				INFOPLIST_KEY_UIApplicationSupportsIndirectInputEvents = YES;
				INFOPLIST_KEY_UILaunchScreen_Generation = YES;
				INFOPLIST_KEY_UISupportedInterfaceOrientations_iPad = "UIInterfaceOrientationPortrait UIInterfaceOrientationPortraitUpsideDown UIInterfaceOrientationLandscapeLeft UIInterfaceOrientationLandscapeRight";
				INFOPLIST_KEY_UISupportedInterfaceOrientations_iPhone = "UIInterfaceOrientationPortrait UIInterfaceOrientationLandscapeLeft UIInterfaceOrientationLandscapeRight";
				LD_RUNPATH_SEARCH_PATHS = (
					"$(inherited)",
					"@executable_path/Frameworks",
				);
				MARKETING_VERSION = 1.0;
				PRODUCT_BUNDLE_IDENTIFIER = com.puolitaival.gabriel.FocusTimerApp;
				PRODUCT_NAME = "$(TARGET_NAME)";
				SWIFT_EMIT_LOC_STRINGS = YES;
				SWIFT_VERSION = 5.0;
				TARGETED_DEVICE_FAMILY = "1,2";
			};
			name = Release;
		};
		E501CF472CEF7EF800A82D76 /* Debug */ = {
			isa = XCBuildConfiguration;
			buildSettings = {
				BUNDLE_LOADER = "$(TEST_HOST)";
				CODE_SIGN_STYLE = Automatic;
				CURRENT_PROJECT_VERSION = 1;
				GENERATE_INFOPLIST_FILE = YES;
				IPHONEOS_DEPLOYMENT_TARGET = 18.1;
				MARKETING_VERSION = 1.0;
				PRODUCT_BUNDLE_IDENTIFIER = com.puolitaival.gabriel.FocusTimerAppTests;
				PRODUCT_NAME = "$(TARGET_NAME)";
				SWIFT_EMIT_LOC_STRINGS = NO;
				SWIFT_VERSION = 5.0;
				TARGETED_DEVICE_FAMILY = "1,2";
				TEST_HOST = "$(BUILT_PRODUCTS_DIR)/FocusTimerApp.app/$(BUNDLE_EXECUTABLE_FOLDER_PATH)/FocusTimerApp";
			};
			name = Debug;
		};
		E501CF482CEF7EF800A82D76 /* Release */ = {
			isa = XCBuildConfiguration;
			buildSettings = {
				BUNDLE_LOADER = "$(TEST_HOST)";
				CODE_SIGN_STYLE = Automatic;
				CURRENT_PROJECT_VERSION = 1;
				GENERATE_INFOPLIST_FILE = YES;
				IPHONEOS_DEPLOYMENT_TARGET = 18.1;
				MARKETING_VERSION = 1.0;
				PRODUCT_BUNDLE_IDENTIFIER = com.puolitaival.gabriel.FocusTimerAppTests;
				PRODUCT_NAME = "$(TARGET_NAME)";
				SWIFT_EMIT_LOC_STRINGS = NO;
				SWIFT_VERSION = 5.0;
				TARGETED_DEVICE_FAMILY = "1,2";
				TEST_HOST = "$(BUILT_PRODUCTS_DIR)/FocusTimerApp.app/$(BUNDLE_EXECUTABLE_FOLDER_PATH)/FocusTimerApp";
			};
			name = Release;
		};
		E501CF4A2CEF7EF800A82D76 /* Debug */ = {
			isa = XCBuildConfiguration;
			buildSettings = {
				CODE_SIGN_STYLE = Automatic;
				CURRENT_PROJECT_VERSION = 1;
				GENERATE_INFOPLIST_FILE = YES;
				MARKETING_VERSION = 1.0;
				PRODUCT_BUNDLE_IDENTIFIER = com.puolitaival.gabriel.FocusTimerAppUITests;
				PRODUCT_NAME = "$(TARGET_NAME)";
				SWIFT_EMIT_LOC_STRINGS = NO;
				SWIFT_VERSION = 5.0;
				TARGETED_DEVICE_FAMILY = "1,2";
				TEST_TARGET_NAME = FocusTimerApp;
			};
			name = Debug;
		};
		E501CF4B2CEF7EF800A82D76 /* Release */ = {
			isa = XCBuildConfiguration;
			buildSettings = {
				CODE_SIGN_STYLE = Automatic;
				CURRENT_PROJECT_VERSION = 1;
				GENERATE_INFOPLIST_FILE = YES;
				MARKETING_VERSION = 1.0;
				PRODUCT_BUNDLE_IDENTIFIER = com.puolitaival.gabriel.FocusTimerAppUITests;
				PRODUCT_NAME = "$(TARGET_NAME)";
				SWIFT_EMIT_LOC_STRINGS = NO;
				SWIFT_VERSION = 5.0;
				TARGETED_DEVICE_FAMILY = "1,2";
				TEST_TARGET_NAME = FocusTimerApp;
			};
			name = Release;
		};
/* End XCBuildConfiguration section */

/* Begin XCConfigurationList section */
		E501CF1A2CEF7EF400A82D76 /* Build configuration list for PBXProject "FocusTimerApp" */ = {
			isa = XCConfigurationList;
			buildConfigurations = (
				E501CF412CEF7EF700A82D76 /* Debug */,
				E501CF422CEF7EF700A82D76 /* Release */,
			);
			defaultConfigurationIsVisible = 0;
			defaultConfigurationName = Release;
		};
		E501CF432CEF7EF800A82D76 /* Build configuration list for PBXNativeTarget "FocusTimerApp" */ = {
			isa = XCConfigurationList;
			buildConfigurations = (
				E501CF442CEF7EF800A82D76 /* Debug */,
				E501CF452CEF7EF800A82D76 /* Release */,
			);
			defaultConfigurationIsVisible = 0;
			defaultConfigurationName = Release;
		};
		E501CF462CEF7EF800A82D76 /* Build configuration list for PBXNativeTarget "FocusTimerAppTests" */ = {
			isa = XCConfigurationList;
			buildConfigurations = (
				E501CF472CEF7EF800A82D76 /* Debug */,
				E501CF482CEF7EF800A82D76 /* Release */,
			);
			defaultConfigurationIsVisible = 0;
			defaultConfigurationName = Release;
		};
		E501CF492CEF7EF800A82D76 /* Build configuration list for PBXNativeTarget "FocusTimerAppUITests" */ = {
			isa = XCConfigurationList;
			buildConfigurations = (
				E501CF4A2CEF7EF800A82D76 /* Debug */,
				E501CF4B2CEF7EF800A82D76 /* Release */,
			);
			defaultConfigurationIsVisible = 0;
			defaultConfigurationName = Release;
		};
/* End XCConfigurationList section */

/* Begin XCRemoteSwiftPackageReference section */
		E5B346672CF4C28400E1801F /* XCRemoteSwiftPackageReference "firebase-ios-sdk" */ = {
			isa = XCRemoteSwiftPackageReference;
			repositoryURL = "https://github.com/firebase/firebase-ios-sdk.git";
			requirement = {
				kind = upToNextMajorVersion;
				minimumVersion = 11.5.0;
			};
		};
/* End XCRemoteSwiftPackageReference section */

/* Begin XCSwiftPackageProductDependency section */
		E5B346682CF4C28400E1801F /* FirebaseAuth */ = {
			isa = XCSwiftPackageProductDependency;
			package = E5B346672CF4C28400E1801F /* XCRemoteSwiftPackageReference "firebase-ios-sdk" */;
			productName = FirebaseAuth;
		};
		E5B3466A2CF4C28400E1801F /* FirebaseFirestore */ = {
			isa = XCSwiftPackageProductDependency;
			package = E5B346672CF4C28400E1801F /* XCRemoteSwiftPackageReference "firebase-ios-sdk" */;
			productName = FirebaseFirestore;
		};
/* End XCSwiftPackageProductDependency section */
	};
	rootObject = E501CF172CEF7EF400A82D76 /* Project object */;
}
